{
  "pins" : [
    {
      "identity" : "cocoaasyncsocket",
      "kind" : "remoteSourceControl",
      "location" : "https://github.com/robbiehanson/CocoaAsyncSocket",
      "state" : {
        "revision" : "dbdc00669c1ced63b27c3c5f052ee4d28f10150c",
        "version" : "7.6.5"
      }
    },
    {
      "identity" : "swiftlogger",
      "kind" : "remoteSourceControl",
      "location" : "git@github.com:Slorq/SwiftLogger.git",
      "state" : {
        "revision" : "cb49f98dbcc82df114e50af09c05bf85e0a609a9",
        "version" : "0.0.3"
      }
    }
  ],
  "version" : 2
}
